
Microsoft Visual Studio Solution File, Format Version 12.00
# Visual Studio Version 17
VisualStudioVersion = 17.3.32929.385
MinimumVisualStudioVersion = 10.0.40219.1
Project("{FAE04EC0-301F-11D3-BF4B-00C04F79EFBC}") = "RechnerVerwaltung", "RechnerVerwaltung.csproj", "{39F8AF8D-6484-41C4-B51E-3B656395DE36}"
EndProject
Global
	GlobalSection(SolutionConfigurationPlatforms) = preSolution
		Debug|Any CPU = Debug|Any CPU
		Release|Any CPU = Release|Any CPU
	EndGlobalSection
	GlobalSection(ProjectConfigurationPlatforms) = postSolution
		{39F8AF8D-6484-41C4-B51E-3B656395DE36}.Debug|Any CPU.ActiveCfg = Debug|Any CPU
		{39F8AF8D-6484-41C4-B51E-3B656395DE36}.Debug|Any CPU.Build.0 = Debug|Any CPU
		{39F8AF8D-6484-41C4-B51E-3B656395DE36}.Release|Any CPU.ActiveCfg = Release|Any CPU
		{39F8AF8D-6484-41C4-B51E-3B656395DE36}.Release|Any CPU.Build.0 = Release|Any CPU
	EndGlobalSection
	GlobalSection(SolutionProperties) = preSolution
		HideSolutionNode = FALSE
	EndGlobalSection
	GlobalSection(ExtensibilityGlobals) = postSolution
		SolutionGuid = {7B9A75D8-1E57-4273-BA30-7F16ED00D1D5}
	EndGlobalSection
EndGlobal
